
Microsoft Visual Studio Solution File, Format Version 12.00
# Visual Studio Version 17
VisualStudioVersion = 17.4.33122.133
MinimumVisualStudioVersion = 10.0.40219.1
Project("{8BC9CEB8-8B4A-11D0-8D11-00A0C91BC942}") = "практика", "практика.vcxproj", "{28E6A69F-394A-449B-A0E0-89DCD7350603}"
EndProject
Global
	GlobalSection(SolutionConfigurationPlatforms) = preSolution
		Debug|x64 = Debug|x64
		Debug|x86 = Debug|x86
		Release|x64 = Release|x64
		Release|x86 = Release|x86
	EndGlobalSection
	GlobalSection(ProjectConfigurationPlatforms) = postSolution
		{28E6A69F-394A-449B-A0E0-89DCD7350603}.Debug|x64.ActiveCfg = Debug|x64
		{28E6A69F-394A-449B-A0E0-89DCD7350603}.Debug|x64.Build.0 = Debug|x64
		{28E6A69F-394A-449B-A0E0-89DCD7350603}.Debug|x86.ActiveCfg = Debug|Win32
		{28E6A69F-394A-449B-A0E0-89DCD7350603}.Debug|x86.Build.0 = Debug|Win32
		{28E6A69F-394A-449B-A0E0-89DCD7350603}.Release|x64.ActiveCfg = Release|x64
		{28E6A69F-394A-449B-A0E0-89DCD7350603}.Release|x64.Build.0 = Release|x64
		{28E6A69F-394A-449B-A0E0-89DCD7350603}.Release|x86.ActiveCfg = Release|Win32
		{28E6A69F-394A-449B-A0E0-89DCD7350603}.Release|x86.Build.0 = Release|Win32
	EndGlobalSection
	GlobalSection(SolutionProperties) = preSolution
		HideSolutionNode = FALSE
	EndGlobalSection
	GlobalSection(ExtensibilityGlobals) = postSolution
		SolutionGuid = {4DCBE259-9B86-4166-BF8A-54A4E66DBF19}
	EndGlobalSection
EndGlobal
